
Microsoft Visual Studio Solution File, Format Version 12.00
# Visual Studio 14
VisualStudioVersion = 14.0.25420.1
MinimumVisualStudioVersion = 10.0.40219.1
Project("{2150E333-8FDC-42A3-9474-1A3956D46DE8}") = "MakeUpTool.Android.Application", "MakeUpTool.Android.Application", "{0F7D783E-DD66-46BF-911F-7D3F2608B8FC}"
EndProject
Project("{39E2626F-3545-4960-A6E8-258AD8476CE5}") = "MakeUpTool.Android.Application", "MakeUpTool\MakeUpTool.Android.Application\MakeUpTool.Android.Application.androidproj", "{774E0B77-AAD5-4CE5-93C5-293936FC511A}"
EndProject
Project("{8BC9CEB8-8B4A-11D0-8D11-00A0C91BC942}") = "MakeUpTool.Android.NativeActivity", "MakeUpTool\MakeUpTool.Android.NativeActivity\MakeUpTool.Android.NativeActivity.vcxproj", "{A327F157-A3B4-4092-A999-D70AAB03873F}"
EndProject
Project("{740547C8-F205-44CF-8284-0B59C7DD69BD}") = "MakeUpTool.iOS.Application", "MakeUpTool\MakeUpTool.iOS.Application\MakeUpTool.iOS.Application.xcodeproj\project.pbxproj", "{F6067836-CA68-460C-BBAD-405152FD374F}"
EndProject
Project("{2150E333-8FDC-42A3-9474-1A3956D46DE8}") = "Library", "Library", "{5688C197-419A-4BD5-ABE2-1C5F2D6A52F3}"
EndProject
Project("{8BC9CEB8-8B4A-11D0-8D11-00A0C91BC942}") = "MakeUpTool.Shared", "MakeUpTool\MakeUpTool.Shared\MakeUpTool.Shared.vcxitems", "{0D51BA9D-B303-4140-8D72-1DB5C5956ED1}"
EndProject
Project("{8BC9CEB8-8B4A-11D0-8D11-00A0C91BC942}") = "MakeUpTool.Android.StaticLibrary", "MakeUpTool\MakeUpTool.Android.StaticLibrary\MakeUpTool.Android.StaticLibrary.vcxproj", "{FD782C4A-3769-465E-A016-383C6094056D}"
EndProject
Project("{8BC9CEB8-8B4A-11D0-8D11-00A0C91BC942}") = "MakeUpTool.iOS.StaticLibrary", "MakeUpTool\MakeUpTool.iOS.StaticLibrary\MakeUpTool.iOS.StaticLibrary.vcxproj", "{925355DA-98D7-4680-ACF0-A7E12BD89BF2}"
EndProject
Global
	GlobalSection(SharedMSBuildProjectFiles) = preSolution
		MakeUpTool\MakeUpTool.Shared\MakeUpTool.Shared.vcxitems*{0d51ba9d-b303-4140-8d72-1db5c5956ed1}*SharedItemsImports = 9
		MakeUpTool\MakeUpTool.Shared\MakeUpTool.Shared.vcxitems*{925355da-98d7-4680-acf0-a7e12bd89bf2}*SharedItemsImports = 4
		MakeUpTool\MakeUpTool.Shared\MakeUpTool.Shared.vcxitems*{fd782c4a-3769-465e-a016-383c6094056d}*SharedItemsImports = 4
	EndGlobalSection
	GlobalSection(SolutionConfigurationPlatforms) = preSolution
		Debug|ARM = Debug|ARM
		Debug|ARM64 = Debug|ARM64
		Debug|x64 = Debug|x64
		Debug|x86 = Debug|x86
		Release|ARM = Release|ARM
		Release|ARM64 = Release|ARM64
		Release|x64 = Release|x64
		Release|x86 = Release|x86
	EndGlobalSection
	GlobalSection(ProjectConfigurationPlatforms) = postSolution
		{774E0B77-AAD5-4CE5-93C5-293936FC511A}.Debug|ARM.ActiveCfg = Debug|ARM
		{774E0B77-AAD5-4CE5-93C5-293936FC511A}.Debug|ARM.Build.0 = Debug|ARM
		{774E0B77-AAD5-4CE5-93C5-293936FC511A}.Debug|ARM.Deploy.0 = Debug|ARM
		{774E0B77-AAD5-4CE5-93C5-293936FC511A}.Debug|ARM64.ActiveCfg = Debug|ARM64
		{774E0B77-AAD5-4CE5-93C5-293936FC511A}.Debug|ARM64.Build.0 = Debug|ARM64
		{774E0B77-AAD5-4CE5-93C5-293936FC511A}.Debug|ARM64.Deploy.0 = Debug|ARM64
		{774E0B77-AAD5-4CE5-93C5-293936FC511A}.Debug|x64.ActiveCfg = Debug|x64
		{774E0B77-AAD5-4CE5-93C5-293936FC511A}.Debug|x64.Build.0 = Debug|x64
		{774E0B77-AAD5-4CE5-93C5-293936FC511A}.Debug|x64.Deploy.0 = Debug|x64
		{774E0B77-AAD5-4CE5-93C5-293936FC511A}.Debug|x86.ActiveCfg = Debug|x86
		{774E0B77-AAD5-4CE5-93C5-293936FC511A}.Debug|x86.Build.0 = Debug|x86
		{774E0B77-AAD5-4CE5-93C5-293936FC511A}.Debug|x86.Deploy.0 = Debug|x86
		{774E0B77-AAD5-4CE5-93C5-293936FC511A}.Release|ARM.ActiveCfg = Release|ARM
		{774E0B77-AAD5-4CE5-93C5-293936FC511A}.Release|ARM.Build.0 = Release|ARM
		{774E0B77-AAD5-4CE5-93C5-293936FC511A}.Release|ARM.Deploy.0 = Release|ARM
		{774E0B77-AAD5-4CE5-93C5-293936FC511A}.Release|ARM64.ActiveCfg = Release|ARM64
		{774E0B77-AAD5-4CE5-93C5-293936FC511A}.Release|ARM64.Build.0 = Release|ARM64
		{774E0B77-AAD5-4CE5-93C5-293936FC511A}.Release|ARM64.Deploy.0 = Release|ARM64
		{774E0B77-AAD5-4CE5-93C5-293936FC511A}.Release|x64.ActiveCfg = Release|x64
		{774E0B77-AAD5-4CE5-93C5-293936FC511A}.Release|x64.Build.0 = Release|x64
		{774E0B77-AAD5-4CE5-93C5-293936FC511A}.Release|x64.Deploy.0 = Release|x64
		{774E0B77-AAD5-4CE5-93C5-293936FC511A}.Release|x86.ActiveCfg = Release|x86
		{774E0B77-AAD5-4CE5-93C5-293936FC511A}.Release|x86.Build.0 = Release|x86
		{774E0B77-AAD5-4CE5-93C5-293936FC511A}.Release|x86.Deploy.0 = Release|x86
		{A327F157-A3B4-4092-A999-D70AAB03873F}.Debug|ARM.ActiveCfg = Debug|ARM
		{A327F157-A3B4-4092-A999-D70AAB03873F}.Debug|ARM.Build.0 = Debug|ARM
		{A327F157-A3B4-4092-A999-D70AAB03873F}.Debug|ARM64.ActiveCfg = Debug|ARM64
		{A327F157-A3B4-4092-A999-D70AAB03873F}.Debug|ARM64.Build.0 = Debug|ARM64
		{A327F157-A3B4-4092-A999-D70AAB03873F}.Debug|x64.ActiveCfg = Debug|x64
		{A327F157-A3B4-4092-A999-D70AAB03873F}.Debug|x64.Build.0 = Debug|x64
		{A327F157-A3B4-4092-A999-D70AAB03873F}.Debug|x86.ActiveCfg = Debug|x86
		{A327F157-A3B4-4092-A999-D70AAB03873F}.Debug|x86.Build.0 = Debug|x86
		{A327F157-A3B4-4092-A999-D70AAB03873F}.Release|ARM.ActiveCfg = Release|ARM
		{A327F157-A3B4-4092-A999-D70AAB03873F}.Release|ARM.Build.0 = Release|ARM
		{A327F157-A3B4-4092-A999-D70AAB03873F}.Release|ARM64.ActiveCfg = Release|ARM64
		{A327F157-A3B4-4092-A999-D70AAB03873F}.Release|ARM64.Build.0 = Release|ARM64
		{A327F157-A3B4-4092-A999-D70AAB03873F}.Release|x64.ActiveCfg = Release|x64
		{A327F157-A3B4-4092-A999-D70AAB03873F}.Release|x64.Build.0 = Release|x64
		{A327F157-A3B4-4092-A999-D70AAB03873F}.Release|x86.ActiveCfg = Release|x86
		{A327F157-A3B4-4092-A999-D70AAB03873F}.Release|x86.Build.0 = Release|x86
		{F6067836-CA68-460C-BBAD-405152FD374F}.Debug|ARM.ActiveCfg = Debug|ARM
		{F6067836-CA68-460C-BBAD-405152FD374F}.Debug|ARM.Build.0 = Debug|ARM
		{F6067836-CA68-460C-BBAD-405152FD374F}.Debug|ARM.Deploy.0 = Debug|ARM
		{F6067836-CA68-460C-BBAD-405152FD374F}.Debug|ARM64.ActiveCfg = Debug|ARM64
		{F6067836-CA68-460C-BBAD-405152FD374F}.Debug|ARM64.Build.0 = Debug|ARM64
		{F6067836-CA68-460C-BBAD-405152FD374F}.Debug|ARM64.Deploy.0 = Debug|ARM64
		{F6067836-CA68-460C-BBAD-405152FD374F}.Debug|x64.ActiveCfg = Debug|x64
		{F6067836-CA68-460C-BBAD-405152FD374F}.Debug|x64.Build.0 = Debug|x64
		{F6067836-CA68-460C-BBAD-405152FD374F}.Debug|x64.Deploy.0 = Debug|x64
		{F6067836-CA68-460C-BBAD-405152FD374F}.Debug|x86.ActiveCfg = Debug|x86
		{F6067836-CA68-460C-BBAD-405152FD374F}.Debug|x86.Build.0 = Debug|x86
		{F6067836-CA68-460C-BBAD-405152FD374F}.Debug|x86.Deploy.0 = Debug|x86
		{F6067836-CA68-460C-BBAD-405152FD374F}.Release|ARM.ActiveCfg = Release|ARM
		{F6067836-CA68-460C-BBAD-405152FD374F}.Release|ARM.Build.0 = Release|ARM
		{F6067836-CA68-460C-BBAD-405152FD374F}.Release|ARM.Deploy.0 = Release|ARM
		{F6067836-CA68-460C-BBAD-405152FD374F}.Release|ARM64.ActiveCfg = Release|ARM64
		{F6067836-CA68-460C-BBAD-405152FD374F}.Release|ARM64.Build.0 = Release|ARM64
		{F6067836-CA68-460C-BBAD-405152FD374F}.Release|ARM64.Deploy.0 = Release|ARM64
		{F6067836-CA68-460C-BBAD-405152FD374F}.Release|x64.ActiveCfg = Release|x64
		{F6067836-CA68-460C-BBAD-405152FD374F}.Release|x64.Build.0 = Release|x64
		{F6067836-CA68-460C-BBAD-405152FD374F}.Release|x64.Deploy.0 = Release|x64
		{F6067836-CA68-460C-BBAD-405152FD374F}.Release|x86.ActiveCfg = Release|x86
		{F6067836-CA68-460C-BBAD-405152FD374F}.Release|x86.Build.0 = Release|x86
		{F6067836-CA68-460C-BBAD-405152FD374F}.Release|x86.Deploy.0 = Release|x86
		{FD782C4A-3769-465E-A016-383C6094056D}.Debug|ARM.ActiveCfg = Debug|ARM
		{FD782C4A-3769-465E-A016-383C6094056D}.Debug|ARM.Build.0 = Debug|ARM
		{FD782C4A-3769-465E-A016-383C6094056D}.Debug|ARM64.ActiveCfg = Debug|ARM64
		{FD782C4A-3769-465E-A016-383C6094056D}.Debug|ARM64.Build.0 = Debug|ARM64
		{FD782C4A-3769-465E-A016-383C6094056D}.Debug|x64.ActiveCfg = Debug|x64
		{FD782C4A-3769-465E-A016-383C6094056D}.Debug|x64.Build.0 = Debug|x64
		{FD782C4A-3769-465E-A016-383C6094056D}.Debug|x86.ActiveCfg = Debug|x86
		{FD782C4A-3769-465E-A016-383C6094056D}.Debug|x86.Build.0 = Debug|x86
		{FD782C4A-3769-465E-A016-383C6094056D}.Release|ARM.ActiveCfg = Release|ARM
		{FD782C4A-3769-465E-A016-383C6094056D}.Release|ARM.Build.0 = Release|ARM
		{FD782C4A-3769-465E-A016-383C6094056D}.Release|ARM64.ActiveCfg = Release|ARM64
		{FD782C4A-3769-465E-A016-383C6094056D}.Release|ARM64.Build.0 = Release|ARM64
		{FD782C4A-3769-465E-A016-383C6094056D}.Release|x64.ActiveCfg = Release|x64
		{FD782C4A-3769-465E-A016-383C6094056D}.Release|x64.Build.0 = Release|x64
		{FD782C4A-3769-465E-A016-383C6094056D}.Release|x86.ActiveCfg = Release|x86
		{FD782C4A-3769-465E-A016-383C6094056D}.Release|x86.Build.0 = Release|x86
		{925355DA-98D7-4680-ACF0-A7E12BD89BF2}.Debug|ARM.ActiveCfg = Debug|ARM
		{925355DA-98D7-4680-ACF0-A7E12BD89BF2}.Debug|ARM.Build.0 = Debug|ARM
		{925355DA-98D7-4680-ACF0-A7E12BD89BF2}.Debug|ARM64.ActiveCfg = Debug|ARM64
		{925355DA-98D7-4680-ACF0-A7E12BD89BF2}.Debug|ARM64.Build.0 = Debug|ARM64
		{925355DA-98D7-4680-ACF0-A7E12BD89BF2}.Debug|x64.ActiveCfg = Debug|x64
		{925355DA-98D7-4680-ACF0-A7E12BD89BF2}.Debug|x64.Build.0 = Debug|x64
		{925355DA-98D7-4680-ACF0-A7E12BD89BF2}.Debug|x86.ActiveCfg = Debug|x86
		{925355DA-98D7-4680-ACF0-A7E12BD89BF2}.Debug|x86.Build.0 = Debug|x86
		{925355DA-98D7-4680-ACF0-A7E12BD89BF2}.Release|ARM.ActiveCfg = Release|ARM
		{925355DA-98D7-4680-ACF0-A7E12BD89BF2}.Release|ARM.Build.0 = Release|ARM
		{925355DA-98D7-4680-ACF0-A7E12BD89BF2}.Release|ARM64.ActiveCfg = Release|ARM64
		{925355DA-98D7-4680-ACF0-A7E12BD89BF2}.Release|ARM64.Build.0 = Release|ARM64
		{925355DA-98D7-4680-ACF0-A7E12BD89BF2}.Release|x64.ActiveCfg = Release|x64
		{925355DA-98D7-4680-ACF0-A7E12BD89BF2}.Release|x64.Build.0 = Release|x64
		{925355DA-98D7-4680-ACF0-A7E12BD89BF2}.Release|x86.ActiveCfg = Release|x86
		{925355DA-98D7-4680-ACF0-A7E12BD89BF2}.Release|x86.Build.0 = Release|x86
	EndGlobalSection
	GlobalSection(SolutionProperties) = preSolution
		HideSolutionNode = FALSE
	EndGlobalSection
	GlobalSection(NestedProjects) = preSolution
		{774E0B77-AAD5-4CE5-93C5-293936FC511A} = {0F7D783E-DD66-46BF-911F-7D3F2608B8FC}
		{A327F157-A3B4-4092-A999-D70AAB03873F} = {0F7D783E-DD66-46BF-911F-7D3F2608B8FC}
		{0D51BA9D-B303-4140-8D72-1DB5C5956ED1} = {5688C197-419A-4BD5-ABE2-1C5F2D6A52F3}
		{FD782C4A-3769-465E-A016-383C6094056D} = {5688C197-419A-4BD5-ABE2-1C5F2D6A52F3}
		{925355DA-98D7-4680-ACF0-A7E12BD89BF2} = {5688C197-419A-4BD5-ABE2-1C5F2D6A52F3}
	EndGlobalSection
EndGlobal
